
Microsoft Visual Studio Solution File, Format Version 12.00
# Visual Studio Version 17
VisualStudioVersion = 17.10.35201.131
MinimumVisualStudioVersion = 10.0.40219.1
Project("{9A19103F-16F7-4668-BE54-9A1E7A4F7556}") = "FILEFLOWAPI", "FILEFLOWAPI\FILEFLOWAPI.csproj", "{AF0E3610-E7CD-4698-86EA-22898DC1B781}"
EndProject
Project("{FAE04EC0-301F-11D3-BF4B-00C04F79EFBC}") = "core", "..\core\core.csproj", "{20417571-B3A0-4D57-AEE2-05D399725544}"
EndProject
Project("{FAE04EC0-301F-11D3-BF4B-00C04F79EFBC}") = "data", "..\data\data.csproj", "{D519DC32-D87A-49AD-96E8-8F4B8D6BB0FC}"
EndProject
Project("{FAE04EC0-301F-11D3-BF4B-00C04F79EFBC}") = "service", "..\service\service.csproj", "{BE2588CF-8529-4048-A818-9669BE59671F}"
EndProject
Global
	GlobalSection(SolutionConfigurationPlatforms) = preSolution
		Debug|Any CPU = Debug|Any CPU
		Release|Any CPU = Release|Any CPU
	EndGlobalSection
	GlobalSection(ProjectConfigurationPlatforms) = postSolution
		{AF0E3610-E7CD-4698-86EA-22898DC1B781}.Debug|Any CPU.ActiveCfg = Debug|Any CPU
		{AF0E3610-E7CD-4698-86EA-22898DC1B781}.Debug|Any CPU.Build.0 = Debug|Any CPU
		{AF0E3610-E7CD-4698-86EA-22898DC1B781}.Release|Any CPU.ActiveCfg = Release|Any CPU
		{AF0E3610-E7CD-4698-86EA-22898DC1B781}.Release|Any CPU.Build.0 = Release|Any CPU
		{20417571-B3A0-4D57-AEE2-05D399725544}.Debug|Any CPU.ActiveCfg = Debug|Any CPU
		{20417571-B3A0-4D57-AEE2-05D399725544}.Debug|Any CPU.Build.0 = Debug|Any CPU
		{20417571-B3A0-4D57-AEE2-05D399725544}.Release|Any CPU.ActiveCfg = Release|Any CPU
		{20417571-B3A0-4D57-AEE2-05D399725544}.Release|Any CPU.Build.0 = Release|Any CPU
		{D519DC32-D87A-49AD-96E8-8F4B8D6BB0FC}.Debug|Any CPU.ActiveCfg = Debug|Any CPU
		{D519DC32-D87A-49AD-96E8-8F4B8D6BB0FC}.Debug|Any CPU.Build.0 = Debug|Any CPU
		{D519DC32-D87A-49AD-96E8-8F4B8D6BB0FC}.Release|Any CPU.ActiveCfg = Release|Any CPU
		{D519DC32-D87A-49AD-96E8-8F4B8D6BB0FC}.Release|Any CPU.Build.0 = Release|Any CPU
		{BE2588CF-8529-4048-A818-9669BE59671F}.Debug|Any CPU.ActiveCfg = Debug|Any CPU
		{BE2588CF-8529-4048-A818-9669BE59671F}.Debug|Any CPU.Build.0 = Debug|Any CPU
		{BE2588CF-8529-4048-A818-9669BE59671F}.Release|Any CPU.ActiveCfg = Release|Any CPU
		{BE2588CF-8529-4048-A818-9669BE59671F}.Release|Any CPU.Build.0 = Release|Any CPU
	EndGlobalSection
	GlobalSection(SolutionProperties) = preSolution
		HideSolutionNode = FALSE
	EndGlobalSection
	GlobalSection(ExtensibilityGlobals) = postSolution
		SolutionGuid = {D7D02617-E4AD-4ADF-B1EB-F8DE037233BD}
	EndGlobalSection
EndGlobal
